filippo.io/edwards25519 v1.2.0 h1:crnVqOiS4jqYleHd9vaKZ+HKtHfllngJIiOpNpoJsjo=
filippo.io/edwards25519 v1.2.0/go.mod h1:xzAOLCNug/yB62zG1bQ8uziwrIqIuxhctzJT18Q77mc=
github.com/aws/aws-sdk-go-v2 v1.47.2 h1:4vrR4S7MUdvPiv/fxlYI/FaZCgwKuir2LpXxwCUtwWY=
github.com/aws/aws-sdk-go-v2 v1.47.2/go.mod h1:LYKdgB/k1/omdrfoQuyt6T10CvF1yw27ByBjd+ku1jk=
github.com/aws/aws-sdk-go-v2/aws/protocol/eventstream v1.7.21 h1:WKBWnr7CcxtexN5hlwQm3PQHpOiHC1yL2jT9xV1lst4=
github.com/aws/aws-sdk-go-v2/aws/protocol/eventstream v1.7.21/go.mod h1:wSsHgTuq6+1PF8bYXu69GvAtPwRqu58R54eiU3oJjPA=
github.com/aws/aws-sdk-go-v2/credentials v1.20.8 h1:ibO101be+3jJOMBCJphBXzXm9UzIq+zxr8plM2V3FHw=
github.com/aws/aws-sdk-go-v2/credentials v1.20.8/go.mod h1:gAFU+h+59h6frPO/KUG7sgcToVf1ti8i/VMImKiFpcM=
github.com/aws/aws-sdk-go-v2/feature/rds/auth v1.7.5 h1:Y1gtF6lAzicWEzQNmY3ApewsSYOKdHiiUBQstF9e1Ow=
github.com/aws/aws-sdk-go-v2/feature/rds/auth v1.7.5/go.mod h1:PyO5j/ikF84Q9q702EvClQvo1qYwev5NhbbFIHXdM6o=
github.com/aws/aws-sdk-go-v2/internal/configsources v1.5.5 h1:JwchTNw8oqkFWMYrmFmdoS4sYgE6JJcnO+ElvME+uH4=
github.com/aws/aws-sdk-go-v2/internal/configsources v1.5.5/go.mod h1:8pc+vcibD0We5t3f/LqHxjBPkXXfgcjYQN3upxqz/Nw=
github.com/aws/aws-sdk-go-v2/internal/endpoints/v2 v2.8.5 h1:CNgkOhhgJ1anuboBDmjRLCpVlBKFV9cEvT16d4QNl/w=
github.com/aws/aws-sdk-go-v2/internal/endpoints/v2 v2.8.5/go.mod h1:SS3HIANtO8edxa4QkX+8SvbMxRm+k78QoE6EIRI81tU=
github.com/aws/aws-sdk-go-v2/internal/v4a v1.5.5 h1:rkxirozlOuMs3QuaGsDV3ll5suBdeeH6iSLFPyA5zNk=
github.com/aws/aws-sdk-go-v2/internal/v4a v1.5.5/go.mod h1:OQjoYoCdNx6tLyZNEuD0HRfHQVStBIfQyigewExdEVU=
github.com/aws/aws-sdk-go-v2/service/ecr v1.66.3 h1:wzl8YVvzpuDndd+i98mQw+f4zimavB8JQlFf6ECc53A=
github.com/aws/aws-sdk-go-v2/service/ecr v1.66.3/go.mod h1:FVkuFklPL5Oj9eM2uCmdCNng5aTA6daPllLiTcXX0fM=
github.com/aws/aws-sdk-go-v2/service/elasticloadbalancingv2 v1.63.3 h1:YgDN2A1Nf22o1qqIbUpho5xbEjsPPwsyrYScaOOtAL4=
github.com/aws/aws-sdk-go-v2/service/elasticloadbalancingv2 v1.63.3/go.mod h1:FnqhR2plmoz25g+1/LhwY5dL3JgGFDbbEeXavyyZZ2M=
github.com/aws/aws-sdk-go-v2/service/iam v1.64.3 h1:B0Ii5rmFC8GUp3f1Jc13wpAhZC50wq72MidZIkjiPc4=
github.com/aws/aws-sdk-go-v2/service/iam v1.64.3/go.mod h1:CXokemRdm20lRNVlmpr+eZUsa70T35Jf4M06TdJCQZM=
github.com/aws/aws-sdk-go-v2/service/internal/accept-encoding v1.13.20 h1:XBYeuBbMY5LRAKOdZgzUQO1BVj3B07uYAROSapq/IWg=
github.com/aws/aws-sdk-go-v2/service/internal/accept-encoding v1.13.20/go.mod h1:XL6ZfC3ePnooN2u2LT4RNhpr/xs5TiboydyUbgr8Dmg=
github.com/aws/aws-sdk-go-v2/service/internal/checksum v1.11.6 h1:FliCmwxz1mpssINb4n9hkuX1UoReFWyatTQNASP1w7Y=
github.com/aws/aws-sdk-go-v2/service/internal/checksum v1.11.6/go.mod h1:XceXmnKHKFLu0rf8HwaILPRdGdPkec5cE/TRS21Paoc=
github.com/aws/aws-sdk-go-v2/service/internal/presigned-url v1.14.5 h1:Q2MWL+9cTKHHiXWcsPobHiOD+wx8tTc8sWZaFvFSk9Q=
github.com/aws/aws-sdk-go-v2/service/internal/presigned-url v1.14.5/go.mod h1:U8tTityyPbgc90QwGOha8XsrQpLIjpGUS7+Q+4prM+Q=
github.com/aws/aws-sdk-go-v2/service/internal/s3shared v1.20.5 h1:N+38YVfwy+jsA7GtJyTiljl6eBxtdjaz+NZ+FZWWqUk=
github.com/aws/aws-sdk-go-v2/service/internal/s3shared v1.20.5/go.mod h1:/PlQk/JQU5HfvBKMBXbqqLAnmyy/VcfPR9j5OcLmy5s=
github.com/aws/aws-sdk-go-v2/service/rds v1.130.2 h1:xUrDT9RRstdSCi08ihpHaa4fWtD9kDOBbQbhRRNH+dQ=
github.com/aws/aws-sdk-go-v2/service/rds v1.130.2/go.mod h1:jK8xnMCX96uF0DIp5LzwO53xbUPVz866OENZAUb4GOk=
github.com/aws/aws-sdk-go-v2/service/s3 v1.114.2 h1:BOB0aJVVaZzjOz7czfgrEJNObTMvu+DEaBrNR+Up4VU=
github.com/aws/aws-sdk-go-v2/service/s3 v1.114.2/go.mod h1:n0cd8OKteromGbGyZfQXziazjV0q+QHDHwlB3miEKw0=
github.com/aws/smithy-go v1.28.4 h1:vzBmFpcRUtotqGPfmnro2W2Pgg3mk103n9sZhNJY9YU=
github.com/aws/smithy-go v1.28.4/go.mod h1:YE2RhdIuDbA5E5bTdciG9KrW3+TiEONeUWCqxX9i1Fc=
github.com/davecgh/go-spew v1.1.0/go.mod h1:J7Y8YcW2NihsgmVo/mv3lAwl/skON4iLHjSsI+c5H38=
github.com/go-sql-driver/mysql v1.10.1 h1:arlSnNLq6a5yxGxV7qg9lF4j0C+KwD6NbQyKr9QL6ME=
github.com/go-sql-driver/mysql v1.10.1/go.mod h1:M+cqaI7+xxXGG9swrdeUIoPG3Y3KCkF0pZej+SK+nWk=
github.com/jackc/pgpassfile v1.0.0 h1:/6Hmqy13Ss2zCq62VdNG8tM1wchn8zjSGOBJ6icpsIM=
github.com/jackc/pgpassfile v1.0.0/go.mod h1:CEx0iS5ambNFdcRtxPj5JhEz+xB6uRky5eyVu/W2HEg=
github.com/jackc/pgservicefile v0.0.0-20240606120523-5a60cdf6a761 h1:iCEnooe7UlwOQYpKFhBabPMi4aNAfoODPEFNiAnClxo=
github.com/jackc/pgservicefile v0.0.0-20240606120523-5a60cdf6a761/go.mod h1:5TJZWKEWniPve33vlWYSoGYefn3gLQRzjfDlhSJ9ZKM=
github.com/jackc/pgx/v5 v5.11.0 h1:IzBBtyK9AHqf98cctWFifYSci2hgQR/cd56wB4p+ogg=
github.com/jackc/pgx/v5 v5.11.0/go.mod h1:mal1tBGAFfLHvZzaYh77YS/eC6IX9OWbRV1QIIM0Jn4=
github.com/jackc/puddle/v2 v2.2.2 h1:PR8nw+E/1w0GLuRFSmiioY6UooMp6KJv0/61nB7icHo=
github.com/jackc/puddle/v2 v2.2.2/go.mod h1:vriiEXHvEE654aYKXXjOvZM39qJ0q+azkZFrfEOc3H4=
github.com/pmezard/go-difflib v1.0.0/go.mod h1:iKH77koFhYxTK1pcRnkKkqfTogsbg7gZNVY4sRDYZ/4=
github.com/stretchr/objx v0.1.0/go.mod h1:HFkY916IF+rwdDfMAkV7OtwuqBVzrE8GR6GFx+wExME=
github.com/stretchr/testify v1.3.0/go.mod h1:M5WIy9Dh21IEIfnGCwXGc5bZfKNJtfHm1UVUgZn+9EI=
github.com/stretchr/testify v1.7.0/go.mod h1:6Fq8oRcR53rry900zMqJjRRixrwX3KX962/h/Wwjteg=
github.com/stretchr/testify v1.12.1 h1:EuwCh5fleGS7H32xRwO3wRGT7DxrDhLAT6FF8MpWDWE=
github.com/stretchr/testify v1.12.1/go.mod h1:MDEgiDPPsNp5cuIrHPPCyornHKgEVbtFUmoNlxoYthg=
go.yaml.in/yaml/v3 v3.0.5 h1:N6y/pJk8buWs9NY5ERU2HSMfm+IuD/OtfdAnq6kESPw=
go.yaml.in/yaml/v3 v3.0.5/go.mod h1:HVTZu1O7/Vkt2N+BFy8Zza+lnLsABggaTM2ZpNIGuKg=
golang.org/x/sync v0.17.0 h1:l60nONMj9l5drqw6jlhIELNv9I0A4OFgRsG9k2oT9Ug=
golang.org/x/sync v0.17.0/go.mod h1:9KTHXmSnoGruLpwFjVSX0lNNA75CykiMECbovNTZqGI=
golang.org/x/text v0.29.0 h1:1neNs90w9YzJ9BocxfsQNHKuAT4pkghyXc4nhZ6sJvk=
golang.org/x/text v0.29.0/go.mod h1:7MhJOA9CD2qZyOKYazxdYMF85OwPdEr9jTtBpO7ydH4=
gopkg.in/check.v1 v0.0.0-20161208181325-20d25e280405/go.mod h1:Co6ibVJAznAaIkqp8huTwlJQCZ016jof/cbN4VW5Yz0=
gopkg.in/yaml.v3 v3.0.0-20200313102051-9f266ea9e77c/go.mod h1:K4uyk7z7BCEPqu6E+C64Yfv1cQ7kz7rIZviUmN+EgEM=
