github.com/aws/aws-sdk-go-v2 v1.47.1 h1:uOIZnp4PK3ZhKI0dNrJrhTEsLxbpXHTAJlwoS1pvAtw=
github.com/aws/aws-sdk-go-v2 v1.47.1/go.mod h1:bttEH6JqnUL8LepvDVfdrds/fZ5bCIxzpe3abyUrhDU=
github.com/aws/aws-sdk-go-v2/credentials v1.20.6 h1:NpAFXCU7NzXNkdGK3zQTtsRJ+3v9tZQV0xcdRw8uBdw=
github.com/aws/aws-sdk-go-v2/credentials v1.20.6/go.mod h1:mcZCoiPnyMvP8VMNbygNX5lLqSlkYJIMPODylQMurOk=
github.com/aws/aws-sdk-go-v2/internal/configsources v1.5.4 h1:CLq4+8UHCI+ZZYl/EuJxXovaIVN2xeeT8JV+dsApQ5E=
github.com/aws/aws-sdk-go-v2/internal/configsources v1.5.4/go.mod h1:Wv4q5sAM04xAMkoOedxLx2inVf6K5FdxYp+A61L+q/0=
github.com/aws/aws-sdk-go-v2/internal/endpoints/v2 v2.8.4 h1:dD4MR81I7YkpEBRk6UP9rocC2QnT3qVuXwzlYTtfGEs=
github.com/aws/aws-sdk-go-v2/internal/endpoints/v2 v2.8.4/go.mod h1:EcXV1kAFd5XwSkDHlj94gnF3q5CkJyYiIJfH8N0VmrE=
github.com/aws/aws-sdk-go-v2/service/internal/accept-encoding v1.13.19 h1:bAdDl/HkGCcGPoe25ToSHEw23VIxt6CT5fLcg111BKg=
github.com/aws/aws-sdk-go-v2/service/internal/accept-encoding v1.13.19/go.mod h1:KaUzbLxv4CeSxh6ZCl9B4m7CuFenS8kUEaDs+f/DQr4=
github.com/aws/aws-sdk-go-v2/service/internal/presigned-url v1.14.4 h1:29SvnfGhXjTl8ONxFwbj2rs6lbhiFXD2CgFQmbT/bXY=
github.com/aws/aws-sdk-go-v2/service/internal/presigned-url v1.14.4/go.mod h1:wm04I5DMuNVvZHFe/dHnUxincvNbbK7AiNBbYsQivek=
github.com/aws/aws-sdk-go-v2/service/rds v1.130.0 h1:d6xg7OOvlly1HOTXoAqDnttPaEB37KEsmMk5dVz+V8U=
github.com/aws/aws-sdk-go-v2/service/rds v1.130.0/go.mod h1:ISB8224E71TShRfUITcXvgbjlq0MVx/KWpvF0jbiFmg=
github.com/aws/smithy-go v1.28.2 h1:myhcykQcatTul2B/zITjDk203G7t0awUAs1hVry5Bvg=
github.com/aws/smithy-go v1.28.2/go.mod h1:YE2RhdIuDbA5E5bTdciG9KrW3+TiEONeUWCqxX9i1Fc=
github.com/stretchr/testify v1.12.1 h1:EuwCh5fleGS7H32xRwO3wRGT7DxrDhLAT6FF8MpWDWE=
github.com/stretchr/testify v1.12.1/go.mod h1:MDEgiDPPsNp5cuIrHPPCyornHKgEVbtFUmoNlxoYthg=
go.yaml.in/yaml/v3 v3.0.5 h1:N6y/pJk8buWs9NY5ERU2HSMfm+IuD/OtfdAnq6kESPw=
go.yaml.in/yaml/v3 v3.0.5/go.mod h1:HVTZu1O7/Vkt2N+BFy8Zza+lnLsABggaTM2ZpNIGuKg=
